
Microsoft Visual Studio Solution File, Format Version 12.00
# Visual Studio Version 17
VisualStudioVersion = 17.11.35303.130
MinimumVisualStudioVersion = 10.0.40219.1
Project("{FAE04EC0-301F-11D3-BF4B-00C04F79EFBC}") = "HabbitLogger", "HabbitLogger\HabbitLogger.csproj", "{CD931683-D1DD-4452-898C-4388BB7A5E6A}"
EndProject
Global
	GlobalSection(SolutionConfigurationPlatforms) = preSolution
		Debug|Any CPU = Debug|Any CPU
		Release|Any CPU = Release|Any CPU
	EndGlobalSection
	GlobalSection(ProjectConfigurationPlatforms) = postSolution
		{CD931683-D1DD-4452-898C-4388BB7A5E6A}.Debug|Any CPU.ActiveCfg = Debug|Any CPU
		{CD931683-D1DD-4452-898C-4388BB7A5E6A}.Debug|Any CPU.Build.0 = Debug|Any CPU
		{CD931683-D1DD-4452-898C-4388BB7A5E6A}.Release|Any CPU.ActiveCfg = Release|Any CPU
		{CD931683-D1DD-4452-898C-4388BB7A5E6A}.Release|Any CPU.Build.0 = Release|Any CPU
	EndGlobalSection
	GlobalSection(SolutionProperties) = preSolution
		HideSolutionNode = FALSE
	EndGlobalSection
	GlobalSection(ExtensibilityGlobals) = postSolution
		SolutionGuid = {D678F80E-6D9F-4CCB-A6D4-3C67B0633B55}
	EndGlobalSection
EndGlobal
